
Microsoft Visual Studio Solution File, Format Version 11.00
# Visual Studio 2010
Project("{FAE04EC0-301F-11D3-BF4B-00C04F79EFBC}") = "Assembly-CSharp", "Assembly-CSharp.csproj", "{CE59D089-373B-8107-44EB-C383AF86443E}"
EndProject
Global
	GlobalSection(SolutionConfigurationPlatforms) = preSolution
		Debug|Any CPU = Debug|Any CPU
		Release|Any CPU = Release|Any CPU
	EndGlobalSection
	GlobalSection(ProjectConfigurationPlatforms) = postSolution
		{CE59D089-373B-8107-44EB-C383AF86443E}.Debug|Any CPU.ActiveCfg = Debug|Any CPU
		{CE59D089-373B-8107-44EB-C383AF86443E}.Debug|Any CPU.Build.0 = Debug|Any CPU
		{CE59D089-373B-8107-44EB-C383AF86443E}.Release|Any CPU.ActiveCfg = Release|Any CPU
		{CE59D089-373B-8107-44EB-C383AF86443E}.Release|Any CPU.Build.0 = Release|Any CPU
	EndGlobalSection
	GlobalSection(SolutionProperties) = preSolution
		HideSolutionNode = FALSE
	EndGlobalSection
EndGlobal
